
Microsoft Visual Studio Solution File, Format Version 12.00
# Visual Studio 2012
Project("{FAE04EC0-301F-11D3-BF4B-00C04F79EFBC}") = "MvcExtras", "MvcExtras\MvcExtras.csproj", "{9CCDE919-EED7-4C86-8AC4-511A47FC0542}"
EndProject
Global
	GlobalSection(SolutionConfigurationPlatforms) = preSolution
		Debug|Any CPU = Debug|Any CPU
		Release|Any CPU = Release|Any CPU
	EndGlobalSection
	GlobalSection(ProjectConfigurationPlatforms) = postSolution
		{9CCDE919-EED7-4C86-8AC4-511A47FC0542}.Debug|Any CPU.ActiveCfg = Debug|Any CPU
		{9CCDE919-EED7-4C86-8AC4-511A47FC0542}.Debug|Any CPU.Build.0 = Debug|Any CPU
		{9CCDE919-EED7-4C86-8AC4-511A47FC0542}.Release|Any CPU.ActiveCfg = Release|Any CPU
		{9CCDE919-EED7-4C86-8AC4-511A47FC0542}.Release|Any CPU.Build.0 = Release|Any CPU
	EndGlobalSection
	GlobalSection(SolutionProperties) = preSolution
		HideSolutionNode = FALSE
	EndGlobalSection
EndGlobal
